
Microsoft Visual Studio Solution File, Format Version 12.00
# Visual Studio Version 16
VisualStudioVersion = 16.0.30225.117
MinimumVisualStudioVersion = 10.0.40219.1
Project("{9A19103F-16F7-4668-BE54-9A1E7A4F7556}") = "LearnCSharp", "LearnCSharp.csproj", "{84E73FA7-7096-4D66-999A-1DD300FDACBC}"
EndProject
Project("{9A19103F-16F7-4668-BE54-9A1E7A4F7556}") = "MethodHiding", "..\MethodHiding\MethodHiding.csproj", "{674112B6-0C2B-4506-AC1E-EACF42624858}"
EndProject
Project("{9A19103F-16F7-4668-BE54-9A1E7A4F7556}") = "Delegates", "..\Delegates\Delegates.csproj", "{C0197082-0578-4A31-84AF-60CD02749977}"
EndProject
Project("{9A19103F-16F7-4668-BE54-9A1E7A4F7556}") = "Generics", "..\Generics\Generics.csproj", "{823C5F03-DAEF-4806-8263-F5D9DB9A1C76}"
EndProject
Project("{FAE04EC0-301F-11D3-BF4B-00C04F79EFBC}") = "Threads", "..\Threads\Threads.csproj", "{9DB810C9-97E4-4676-84CC-26DA268269DF}"
EndProject
Global
	GlobalSection(SolutionConfigurationPlatforms) = preSolution
		Debug|Any CPU = Debug|Any CPU
		Release|Any CPU = Release|Any CPU
	EndGlobalSection
	GlobalSection(ProjectConfigurationPlatforms) = postSolution
		{84E73FA7-7096-4D66-999A-1DD300FDACBC}.Debug|Any CPU.ActiveCfg = Debug|Any CPU
		{84E73FA7-7096-4D66-999A-1DD300FDACBC}.Debug|Any CPU.Build.0 = Debug|Any CPU
		{84E73FA7-7096-4D66-999A-1DD300FDACBC}.Release|Any CPU.ActiveCfg = Release|Any CPU
		{84E73FA7-7096-4D66-999A-1DD300FDACBC}.Release|Any CPU.Build.0 = Release|Any CPU
		{674112B6-0C2B-4506-AC1E-EACF42624858}.Debug|Any CPU.ActiveCfg = Debug|Any CPU
		{674112B6-0C2B-4506-AC1E-EACF42624858}.Debug|Any CPU.Build.0 = Debug|Any CPU
		{674112B6-0C2B-4506-AC1E-EACF42624858}.Release|Any CPU.ActiveCfg = Release|Any CPU
		{674112B6-0C2B-4506-AC1E-EACF42624858}.Release|Any CPU.Build.0 = Release|Any CPU
		{C0197082-0578-4A31-84AF-60CD02749977}.Debug|Any CPU.ActiveCfg = Debug|Any CPU
		{C0197082-0578-4A31-84AF-60CD02749977}.Debug|Any CPU.Build.0 = Debug|Any CPU
		{C0197082-0578-4A31-84AF-60CD02749977}.Release|Any CPU.ActiveCfg = Release|Any CPU
		{C0197082-0578-4A31-84AF-60CD02749977}.Release|Any CPU.Build.0 = Release|Any CPU
		{823C5F03-DAEF-4806-8263-F5D9DB9A1C76}.Debug|Any CPU.ActiveCfg = Debug|Any CPU
		{823C5F03-DAEF-4806-8263-F5D9DB9A1C76}.Debug|Any CPU.Build.0 = Debug|Any CPU
		{823C5F03-DAEF-4806-8263-F5D9DB9A1C76}.Release|Any CPU.ActiveCfg = Release|Any CPU
		{823C5F03-DAEF-4806-8263-F5D9DB9A1C76}.Release|Any CPU.Build.0 = Release|Any CPU
		{9DB810C9-97E4-4676-84CC-26DA268269DF}.Debug|Any CPU.ActiveCfg = Debug|Any CPU
		{9DB810C9-97E4-4676-84CC-26DA268269DF}.Debug|Any CPU.Build.0 = Debug|Any CPU
		{9DB810C9-97E4-4676-84CC-26DA268269DF}.Release|Any CPU.ActiveCfg = Release|Any CPU
		{9DB810C9-97E4-4676-84CC-26DA268269DF}.Release|Any CPU.Build.0 = Release|Any CPU
	EndGlobalSection
	GlobalSection(SolutionProperties) = preSolution
		HideSolutionNode = FALSE
	EndGlobalSection
	GlobalSection(ExtensibilityGlobals) = postSolution
		SolutionGuid = {002D720C-1E2C-44D6-8395-7ADFBF5439AD}
	EndGlobalSection
EndGlobal
